{
  "name": "exampleApp",
  "lockfileVersion": 2,
  "requires": true,
  "packages": {
    "": {
      "dependencies": {
        "@amplitude/node": "^1.10.2",
        "amplitude-js": "^8.21.1"
      }
    },
    "node_modules/@amplitude/analytics-connector": {
      "version": "1.4.5",
      "resolved": "https://registry.npmjs.org/@amplitude/analytics-connector/-/analytics-connector-1.4.5.tgz",
      "integrity": "sha512-ELAP6ivg+13uSk+TOirGZE/92M+tTbeiQ/i7eXgDO4Hiy00Abf/UxO/rp9WovtxCyeFYTILrujEYxPv5cRQmFw==",
      "dependencies": {
        "@amplitude/ua-parser-js": "0.7.31"
      }
    },
    "node_modules/@amplitude/identify": {
      "version": "1.10.2",
      "resolved": "https://registry.npmjs.org/@amplitude/identify/-/identify-1.10.2.tgz",
      "integrity": "sha512-ywxeabS8ukMdJWNwx3rG/EBngXFg/4NsPhlyAxbBUcI7HzBXEJUKepiZfkz8K6Y7f0mpc23Qz1aBf48ZJDZmkQ==",
      "dependencies": {
        "@amplitude/types": "^1.10.2",
        "@amplitude/utils": "^1.10.2",
        "tslib": "^2.0.0"
      },
      "engines": {
        "node": ">=10"
      }
    },
    "node_modules/@amplitude/node": {
      "version": "1.10.2",
      "resolved": "https://registry.npmjs.org/@amplitude/node/-/node-1.10.2.tgz",
      "integrity": "sha512-E3xp8DOpkF5ThjrRlAmSocnrEYsTPpd3Zg4WdBLms0ackQSgQpw6z84+YMcoPerZHJJ/LEqdo4Cg4Z5Za3D+3Q==",
      "dependencies": {
        "@amplitude/identify": "^1.10.2",
        "@amplitude/types": "^1.10.2",
        "@amplitude/utils": "^1.10.2",
        "tslib": "^2.0.0"
      },
      "engines": {
        "node": ">=10"
      }
    },
    "node_modules/@amplitude/types": {
      "version": "1.10.2",
      "resolved": "https://registry.npmjs.org/@amplitude/types/-/types-1.10.2.tgz",
      "integrity": "sha512-I8qenRI7uU6wKNb9LiZrAosSHVoNHziXouKY81CrqxH9xhVTEIJFXeuCV0hbtBr0Al/8ejnGjQRx+S2SvU/pPg==",
      "engines": {
        "node": ">=10"
      }
    },
    "node_modules/@amplitude/ua-parser-js": {
      "version": "0.7.31",
      "resolved": "https://registry.npmjs.org/@amplitude/ua-parser-js/-/ua-parser-js-0.7.31.tgz",
      "integrity": "sha512-+z8UGRaj13Pt5NDzOnkTBy49HE2CX64jeL0ArB86HAtilpnfkPB7oqkigN7Lf2LxscMg4QhFD7mmCfedh3rqTg==",
      "funding": [
        {
          "type": "opencollective",
          "url": "https://opencollective.com/ua-parser-js"
        },
        {
          "type": "paypal",
          "url": "https://paypal.me/faisalman"
        }
      ],
      "engines": {
        "node": "*"
      }
    },
    "node_modules/@amplitude/utils": {
      "version": "1.10.2",
      "resolved": "https://registry.npmjs.org/@amplitude/utils/-/utils-1.10.2.tgz",
      "integrity": "sha512-tVsHXu61jITEtRjB7NugQ5cVDd4QDzne8T3ifmZye7TiJeUfVRvqe44gDtf55A+7VqhDhyEIIXTA1iVcDGqlEw==",
      "dependencies": {
        "@amplitude/types": "^1.10.2",
        "tslib": "^2.0.0"
      },
      "engines": {
        "node": ">=10"
      }
    },
    "node_modules/@babel/runtime": {
      "version": "7.19.0",
      "resolved": "https://registry.npmjs.org/@babel/runtime/-/runtime-7.19.0.tgz",
      "integrity": "sha512-eR8Lo9hnDS7tqkO7NsV+mKvCmv5boaXFSZ70DnfhcgiEne8hv9oCEd36Klw74EtizEqLsy4YnW8UWwpBVolHZA==",
      "dependencies": {
        "regenerator-runtime": "^0.13.4"
      },
      "engines": {
        "node": ">=6.9.0"
      }
    },
    "node_modules/amplitude-js": {
      "version": "8.21.1",
      "resolved": "https://registry.npmjs.org/amplitude-js/-/amplitude-js-8.21.1.tgz",
      "integrity": "sha512-02S0EWLTkCYurpKx6o6K7+BbtVHzhCTHDM+jgvCAV5VbbsXdhLqVY7Q6NtAF+Wb8phb9K0GSW1SuDKPy4TY9OA==",
      "dependencies": {
        "@amplitude/analytics-connector": "^1.4.5",
        "@amplitude/ua-parser-js": "0.7.31",
        "@amplitude/utils": "^1.10.1",
        "@babel/runtime": "^7.3.4",
        "blueimp-md5": "^2.10.0",
        "query-string": "5"
      }
    },
    "node_modules/blueimp-md5": {
      "version": "2.19.0",
      "resolved": "https://registry.npmjs.org/blueimp-md5/-/blueimp-md5-2.19.0.tgz",
      "integrity": "sha512-DRQrD6gJyy8FbiE4s+bDoXS9hiW3Vbx5uCdwvcCf3zLHL+Iv7LtGHLpr+GZV8rHG8tK766FGYBwRbu8pELTt+w=="
    },
    "node_modules/decode-uri-component": {
      "version": "0.2.0",
      "resolved": "https://registry.npmjs.org/decode-uri-component/-/decode-uri-component-0.2.0.tgz",
      "integrity": "sha512-hjf+xovcEn31w/EUYdTXQh/8smFL/dzYjohQGEIgjyNavaJfBY2p5F527Bo1VPATxv0VYTUC2bOcXvqFwk78Og==",
      "engines": {
        "node": ">=0.10"
      }
    },
    "node_modules/object-assign": {
      "version": "4.1.1",
      "resolved": "https://registry.npmjs.org/object-assign/-/object-assign-4.1.1.tgz",
      "integrity": "sha512-rJgTQnkUnH1sFw8yT6VSU3zD3sWmu6sZhIseY8VX+GRu3P6F7Fu+JNDoXfklElbLJSnc3FUQHVe4cU5hj+BcUg==",
      "engines": {
        "node": ">=0.10.0"
      }
    },
    "node_modules/query-string": {
      "version": "5.1.1",
      "resolved": "https://registry.npmjs.org/query-string/-/query-string-5.1.1.tgz",
      "integrity": "sha512-gjWOsm2SoGlgLEdAGt7a6slVOk9mGiXmPFMqrEhLQ68rhQuBnpfs3+EmlvqKyxnCo9/PPlF+9MtY02S1aFg+Jw==",
      "dependencies": {
        "decode-uri-component": "^0.2.0",
        "object-assign": "^4.1.0",
        "strict-uri-encode": "^1.0.0"
      },
      "engines": {
        "node": ">=0.10.0"
      }
    },
    "node_modules/regenerator-runtime": {
      "version": "0.13.9",
      "resolved": "https://registry.npmjs.org/regenerator-runtime/-/regenerator-runtime-0.13.9.tgz",
      "integrity": "sha512-p3VT+cOEgxFsRRA9X4lkI1E+k2/CtnKtU4gcxyaCUreilL/vqI6CdZ3wxVUx3UOUg+gnUOQQcRI7BmSI656MYA=="
    },
    "node_modules/strict-uri-encode": {
      "version": "1.1.0",
      "resolved": "https://registry.npmjs.org/strict-uri-encode/-/strict-uri-encode-1.1.0.tgz",
      "integrity": "sha512-R3f198pcvnB+5IpnBlRkphuE9n46WyVl8I39W/ZUTZLz4nqSP/oLYUrcnJrw462Ds8he4YKMov2efsTIw1BDGQ==",
      "engines": {
        "node": ">=0.10.0"
      }
    },
    "node_modules/tslib": {
      "version": "2.4.0",
      "resolved": "https://registry.npmjs.org/tslib/-/tslib-2.4.0.tgz",
      "integrity": "sha512-d6xOpEDfsi2CZVlPQzGeux8XMwLT9hssAsaPYExaQMuYskwb+x1x7J371tWlbBdWHroy99KnVB6qIkUbs5X3UQ=="
    }
  },
  "dependencies": {
    "@amplitude/analytics-connector": {
      "version": "1.4.5",
      "resolved": "https://registry.npmjs.org/@amplitude/analytics-connector/-/analytics-connector-1.4.5.tgz",
      "integrity": "sha512-ELAP6ivg+13uSk+TOirGZE/92M+tTbeiQ/i7eXgDO4Hiy00Abf/UxO/rp9WovtxCyeFYTILrujEYxPv5cRQmFw==",
      "requires": {
        "@amplitude/ua-parser-js": "0.7.31"
      }
    },
    "@amplitude/identify": {
      "version": "1.10.2",
      "resolved": "https://registry.npmjs.org/@amplitude/identify/-/identify-1.10.2.tgz",
      "integrity": "sha512-ywxeabS8ukMdJWNwx3rG/EBngXFg/4NsPhlyAxbBUcI7HzBXEJUKepiZfkz8K6Y7f0mpc23Qz1aBf48ZJDZmkQ==",
      "requires": {
        "@amplitude/types": "^1.10.2",
        "@amplitude/utils": "^1.10.2",
        "tslib": "^2.0.0"
      }
    },
    "@amplitude/node": {
      "version": "1.10.2",
      "resolved": "https://registry.npmjs.org/@amplitude/node/-/node-1.10.2.tgz",
      "integrity": "sha512-E3xp8DOpkF5ThjrRlAmSocnrEYsTPpd3Zg4WdBLms0ackQSgQpw6z84+YMcoPerZHJJ/LEqdo4Cg4Z5Za3D+3Q==",
      "requires": {
        "@amplitude/identify": "^1.10.2",
        "@amplitude/types": "^1.10.2",
        "@amplitude/utils": "^1.10.2",
        "tslib": "^2.0.0"
      }
    },
    "@amplitude/types": {
      "version": "1.10.2",
      "resolved": "https://registry.npmjs.org/@amplitude/types/-/types-1.10.2.tgz",
      "integrity": "sha512-I8qenRI7uU6wKNb9LiZrAosSHVoNHziXouKY81CrqxH9xhVTEIJFXeuCV0hbtBr0Al/8ejnGjQRx+S2SvU/pPg=="
    },
    "@amplitude/ua-parser-js": {
      "version": "0.7.31",
      "resolved": "https://registry.npmjs.org/@amplitude/ua-parser-js/-/ua-parser-js-0.7.31.tgz",
      "integrity": "sha512-+z8UGRaj13Pt5NDzOnkTBy49HE2CX64jeL0ArB86HAtilpnfkPB7oqkigN7Lf2LxscMg4QhFD7mmCfedh3rqTg=="
    },
    "@amplitude/utils": {
      "version": "1.10.2",
      "resolved": "https://registry.npmjs.org/@amplitude/utils/-/utils-1.10.2.tgz",
      "integrity": "sha512-tVsHXu61jITEtRjB7NugQ5cVDd4QDzne8T3ifmZye7TiJeUfVRvqe44gDtf55A+7VqhDhyEIIXTA1iVcDGqlEw==",
      "requires": {
        "@amplitude/types": "^1.10.2",
        "tslib": "^2.0.0"
      }
    },
    "@babel/runtime": {
      "version": "7.19.0",
      "resolved": "https://registry.npmjs.org/@babel/runtime/-/runtime-7.19.0.tgz",
      "integrity": "sha512-eR8Lo9hnDS7tqkO7NsV+mKvCmv5boaXFSZ70DnfhcgiEne8hv9oCEd36Klw74EtizEqLsy4YnW8UWwpBVolHZA==",
      "requires": {
        "regenerator-runtime": "^0.13.4"
      }
    },
    "amplitude-js": {
      "version": "8.21.1",
      "resolved": "https://registry.npmjs.org/amplitude-js/-/amplitude-js-8.21.1.tgz",
      "integrity": "sha512-02S0EWLTkCYurpKx6o6K7+BbtVHzhCTHDM+jgvCAV5VbbsXdhLqVY7Q6NtAF+Wb8phb9K0GSW1SuDKPy4TY9OA==",
      "requires": {
        "@amplitude/analytics-connector": "^1.4.5",
        "@amplitude/ua-parser-js": "0.7.31",
        "@amplitude/utils": "^1.10.1",
        "@babel/runtime": "^7.3.4",
        "blueimp-md5": "^2.10.0",
        "query-string": "5"
      }
    },
    "blueimp-md5": {
      "version": "2.19.0",
      "resolved": "https://registry.npmjs.org/blueimp-md5/-/blueimp-md5-2.19.0.tgz",
      "integrity": "sha512-DRQrD6gJyy8FbiE4s+bDoXS9hiW3Vbx5uCdwvcCf3zLHL+Iv7LtGHLpr+GZV8rHG8tK766FGYBwRbu8pELTt+w=="
    },
    "decode-uri-component": {
      "version": "0.2.0",
      "resolved": "https://registry.npmjs.org/decode-uri-component/-/decode-uri-component-0.2.0.tgz",
      "integrity": "sha512-hjf+xovcEn31w/EUYdTXQh/8smFL/dzYjohQGEIgjyNavaJfBY2p5F527Bo1VPATxv0VYTUC2bOcXvqFwk78Og=="
    },
    "object-assign": {
      "version": "4.1.1",
      "resolved": "https://registry.npmjs.org/object-assign/-/object-assign-4.1.1.tgz",
      "integrity": "sha512-rJgTQnkUnH1sFw8yT6VSU3zD3sWmu6sZhIseY8VX+GRu3P6F7Fu+JNDoXfklElbLJSnc3FUQHVe4cU5hj+BcUg=="
    },
    "query-string": {
      "version": "5.1.1",
      "resolved": "https://registry.npmjs.org/query-string/-/query-string-5.1.1.tgz",
      "integrity": "sha512-gjWOsm2SoGlgLEdAGt7a6slVOk9mGiXmPFMqrEhLQ68rhQuBnpfs3+EmlvqKyxnCo9/PPlF+9MtY02S1aFg+Jw==",
      "requires": {
        "decode-uri-component": "^0.2.0",
        "object-assign": "^4.1.0",
        "strict-uri-encode": "^1.0.0"
      }
    },
    "regenerator-runtime": {
      "version": "0.13.9",
      "resolved": "https://registry.npmjs.org/regenerator-runtime/-/regenerator-runtime-0.13.9.tgz",
      "integrity": "sha512-p3VT+cOEgxFsRRA9X4lkI1E+k2/CtnKtU4gcxyaCUreilL/vqI6CdZ3wxVUx3UOUg+gnUOQQcRI7BmSI656MYA=="
    },
    "strict-uri-encode": {
      "version": "1.1.0",
      "resolved": "https://registry.npmjs.org/strict-uri-encode/-/strict-uri-encode-1.1.0.tgz",
      "integrity": "sha512-R3f198pcvnB+5IpnBlRkphuE9n46WyVl8I39W/ZUTZLz4nqSP/oLYUrcnJrw462Ds8he4YKMov2efsTIw1BDGQ=="
    },
    "tslib": {
      "version": "2.4.0",
      "resolved": "https://registry.npmjs.org/tslib/-/tslib-2.4.0.tgz",
      "integrity": "sha512-d6xOpEDfsi2CZVlPQzGeux8XMwLT9hssAsaPYExaQMuYskwb+x1x7J371tWlbBdWHroy99KnVB6qIkUbs5X3UQ=="
    }
  }
}
